// !$*UTF8*$!
{
	archiveVersion = 1;
	classes = {
	};
	objectVersion = 56;
	objects = {

/* Begin PBXBuildFile section */
		03234975E38EB1C3440CA444 /* Pods_Sample_AdmobTests.framework in Frameworks */ = {isa = PBXBuildFile; fileRef = 554BF2BFC38CB0DEEF6053B1 /* Pods_Sample_AdmobTests.framework */; };
		76F7EABD09590DBB6D3B8041 /* Pods_Sample_Admob_Sample_AdmobUITests.framework in Frameworks */ = {isa = PBXBuildFile; fileRef = 5753A5D9488A3726B6F933F1 /* Pods_Sample_Admob_Sample_AdmobUITests.framework */; };
		897D99E16E40F1638CBBFF59 /* Pods_Sample_Admob.framework in Frameworks */ = {isa = PBXBuildFile; fileRef = 33F1112907B98A84856B39E7 /* Pods_Sample_Admob.framework */; };
		EE9C21BF2C3F98A0002CBE14 /* Sample_AdmobApp.swift in Sources */ = {isa = PBXBuildFile; fileRef = EE9C21BE2C3F98A0002CBE14 /* Sample_AdmobApp.swift */; };
		EE9C21C12C3F98A0002CBE14 /* ContentView.swift in Sources */ = {isa = PBXBuildFile; fileRef = EE9C21C02C3F98A0002CBE14 /* ContentView.swift */; };
		EE9C21C32C3F98A1002CBE14 /* Assets.xcassets in Resources */ = {isa = PBXBuildFile; fileRef = EE9C21C22C3F98A1002CBE14 /* Assets.xcassets */; };
		EE9C21C62C3F98A1002CBE14 /* Preview Assets.xcassets in Resources */ = {isa = PBXBuildFile; fileRef = EE9C21C52C3F98A1002CBE14 /* Preview Assets.xcassets */; };
		EE9C21D02C3F98A1002CBE14 /* Sample_AdmobTests.swift in Sources */ = {isa = PBXBuildFile; fileRef = EE9C21CF2C3F98A1002CBE14 /* Sample_AdmobTests.swift */; };
		EE9C21DA2C3F98A1002CBE14 /* Sample_AdmobUITests.swift in Sources */ = {isa = PBXBuildFile; fileRef = EE9C21D92C3F98A1002CBE14 /* Sample_AdmobUITests.swift */; };
		EE9C21DC2C3F98A1002CBE14 /* Sample_AdmobUITestsLaunchTests.swift in Sources */ = {isa = PBXBuildFile; fileRef = EE9C21DB2C3F98A1002CBE14 /* Sample_AdmobUITestsLaunchTests.swift */; };
/* End PBXBuildFile section */

/* Begin PBXContainerItemProxy section */
		EE9C21CC2C3F98A1002CBE14 /* PBXContainerItemProxy */ = {
			isa = PBXContainerItemProxy;
			containerPortal = EE9C21B32C3F98A0002CBE14 /* Project object */;
			proxyType = 1;
			remoteGlobalIDString = EE9C21BA2C3F98A0002CBE14;
			remoteInfo = "Sample Admob";
		};
		EE9C21D62C3F98A1002CBE14 /* PBXContainerItemProxy */ = {
			isa = PBXContainerItemProxy;
			containerPortal = EE9C21B32C3F98A0002CBE14 /* Project object */;
			proxyType = 1;
			remoteGlobalIDString = EE9C21BA2C3F98A0002CBE14;
			remoteInfo = "Sample Admob";
		};
/* End PBXContainerItemProxy section */

/* Begin PBXFileReference section */
		1C6F802DEB0E1A9CCB68E5DA /* Pods-Sample Admob.release.xcconfig */ = {isa = PBXFileReference; includeInIndex = 1; lastKnownFileType = text.xcconfig; name = "Pods-Sample Admob.release.xcconfig"; path = "Target Support Files/Pods-Sample Admob/Pods-Sample Admob.release.xcconfig"; sourceTree = "<group>"; };
		333D389ED315301ABCE2F871 /* Pods-Sample AdmobTests.release.xcconfig */ = {isa = PBXFileReference; includeInIndex = 1; lastKnownFileType = text.xcconfig; name = "Pods-Sample AdmobTests.release.xcconfig"; path = "Target Support Files/Pods-Sample AdmobTests/Pods-Sample AdmobTests.release.xcconfig"; sourceTree = "<group>"; };
		33F1112907B98A84856B39E7 /* Pods_Sample_Admob.framework */ = {isa = PBXFileReference; explicitFileType = wrapper.framework; includeInIndex = 0; path = Pods_Sample_Admob.framework; sourceTree = BUILT_PRODUCTS_DIR; };
		404C519F83202FC5092307EC /* Pods-Sample AdmobTests.debug.xcconfig */ = {isa = PBXFileReference; includeInIndex = 1; lastKnownFileType = text.xcconfig; name = "Pods-Sample AdmobTests.debug.xcconfig"; path = "Target Support Files/Pods-Sample AdmobTests/Pods-Sample AdmobTests.debug.xcconfig"; sourceTree = "<group>"; };
		554BF2BFC38CB0DEEF6053B1 /* Pods_Sample_AdmobTests.framework */ = {isa = PBXFileReference; explicitFileType = wrapper.framework; includeInIndex = 0; path = Pods_Sample_AdmobTests.framework; sourceTree = BUILT_PRODUCTS_DIR; };
		5753A5D9488A3726B6F933F1 /* Pods_Sample_Admob_Sample_AdmobUITests.framework */ = {isa = PBXFileReference; explicitFileType = wrapper.framework; includeInIndex = 0; path = Pods_Sample_Admob_Sample_AdmobUITests.framework; sourceTree = BUILT_PRODUCTS_DIR; };
		74EBB9D84BF0228FA5DC17C4 /* Pods-Sample Admob-Sample AdmobUITests.debug.xcconfig */ = {isa = PBXFileReference; includeInIndex = 1; lastKnownFileType = text.xcconfig; name = "Pods-Sample Admob-Sample AdmobUITests.debug.xcconfig"; path = "Target Support Files/Pods-Sample Admob-Sample AdmobUITests/Pods-Sample Admob-Sample AdmobUITests.debug.xcconfig"; sourceTree = "<group>"; };
		ECF72D69F79DFB9F7A886F35 /* Pods-Sample Admob.debug.xcconfig */ = {isa = PBXFileReference; includeInIndex = 1; lastKnownFileType = text.xcconfig; name = "Pods-Sample Admob.debug.xcconfig"; path = "Target Support Files/Pods-Sample Admob/Pods-Sample Admob.debug.xcconfig"; sourceTree = "<group>"; };
		EE9C21BB2C3F98A0002CBE14 /* Sample Admob.app */ = {isa = PBXFileReference; explicitFileType = wrapper.application; includeInIndex = 0; path = "Sample Admob.app"; sourceTree = BUILT_PRODUCTS_DIR; };
		EE9C21BE2C3F98A0002CBE14 /* Sample_AdmobApp.swift */ = {isa = PBXFileReference; lastKnownFileType = sourcecode.swift; path = Sample_AdmobApp.swift; sourceTree = "<group>"; };
		EE9C21C02C3F98A0002CBE14 /* ContentView.swift */ = {isa = PBXFileReference; lastKnownFileType = sourcecode.swift; path = ContentView.swift; sourceTree = "<group>"; };
		EE9C21C22C3F98A1002CBE14 /* Assets.xcassets */ = {isa = PBXFileReference; lastKnownFileType = folder.assetcatalog; path = Assets.xcassets; sourceTree = "<group>"; };
		EE9C21C52C3F98A1002CBE14 /* Preview Assets.xcassets */ = {isa = PBXFileReference; lastKnownFileType = folder.assetcatalog; path = "Preview Assets.xcassets"; sourceTree = "<group>"; };
		EE9C21CB2C3F98A1002CBE14 /* Sample AdmobTests.xctest */ = {isa = PBXFileReference; explicitFileType = wrapper.cfbundle; includeInIndex = 0; path = "Sample AdmobTests.xctest"; sourceTree = BUILT_PRODUCTS_DIR; };
		EE9C21CF2C3F98A1002CBE14 /* Sample_AdmobTests.swift */ = {isa = PBXFileReference; lastKnownFileType = sourcecode.swift; path = Sample_AdmobTests.swift; sourceTree = "<group>"; };
		EE9C21D52C3F98A1002CBE14 /* Sample AdmobUITests.xctest */ = {isa = PBXFileReference; explicitFileType = wrapper.cfbundle; includeInIndex = 0; path = "Sample AdmobUITests.xctest"; sourceTree = BUILT_PRODUCTS_DIR; };
		EE9C21D92C3F98A1002CBE14 /* Sample_AdmobUITests.swift */ = {isa = PBXFileReference; lastKnownFileType = sourcecode.swift; path = Sample_AdmobUITests.swift; sourceTree = "<group>"; };
		EE9C21DB2C3F98A1002CBE14 /* Sample_AdmobUITestsLaunchTests.swift */ = {isa = PBXFileReference; lastKnownFileType = sourcecode.swift; path = Sample_AdmobUITestsLaunchTests.swift; sourceTree = "<group>"; };
		EE9C21E82C3FA0A3002CBE14 /* Sample-Admob-Info.plist */ = {isa = PBXFileReference; lastKnownFileType = text.plist; path = "Sample-Admob-Info.plist"; sourceTree = SOURCE_ROOT; };
		F09B34C4AAAC264B37664948 /* Pods-Sample Admob-Sample AdmobUITests.release.xcconfig */ = {isa = PBXFileReference; includeInIndex = 1; lastKnownFileType = text.xcconfig; name = "Pods-Sample Admob-Sample AdmobUITests.release.xcconfig"; path = "Target Support Files/Pods-Sample Admob-Sample AdmobUITests/Pods-Sample Admob-Sample AdmobUITests.release.xcconfig"; sourceTree = "<group>"; };
/* End PBXFileReference section */

/* Begin PBXFrameworksBuildPhase section */
		EE9C21B82C3F98A0002CBE14 /* Frameworks */ = {
			isa = PBXFrameworksBuildPhase;
			buildActionMask = 2147483647;
			files = (
				897D99E16E40F1638CBBFF59 /* Pods_Sample_Admob.framework in Frameworks */,
			);
			runOnlyForDeploymentPostprocessing = 0;
		};
		EE9C21C82C3F98A1002CBE14 /* Frameworks */ = {
			isa = PBXFrameworksBuildPhase;
			buildActionMask = 2147483647;
			files = (
				03234975E38EB1C3440CA444 /* Pods_Sample_AdmobTests.framework in Frameworks */,
			);
			runOnlyForDeploymentPostprocessing = 0;
		};
		EE9C21D22C3F98A1002CBE14 /* Frameworks */ = {
			isa = PBXFrameworksBuildPhase;
			buildActionMask = 2147483647;
			files = (
				76F7EABD09590DBB6D3B8041 /* Pods_Sample_Admob_Sample_AdmobUITests.framework in Frameworks */,
			);
			runOnlyForDeploymentPostprocessing = 0;
		};
/* End PBXFrameworksBuildPhase section */

/* Begin PBXGroup section */
		6E56C48627061D93B3D64916 /* Pods */ = {
			isa = PBXGroup;
			children = (
				ECF72D69F79DFB9F7A886F35 /* Pods-Sample Admob.debug.xcconfig */,
				1C6F802DEB0E1A9CCB68E5DA /* Pods-Sample Admob.release.xcconfig */,
				74EBB9D84BF0228FA5DC17C4 /* Pods-Sample Admob-Sample AdmobUITests.debug.xcconfig */,
				F09B34C4AAAC264B37664948 /* Pods-Sample Admob-Sample AdmobUITests.release.xcconfig */,
				404C519F83202FC5092307EC /* Pods-Sample AdmobTests.debug.xcconfig */,
				333D389ED315301ABCE2F871 /* Pods-Sample AdmobTests.release.xcconfig */,
			);
			path = Pods;
			sourceTree = "<group>";
		};
		C9211701E34278A25CABAD0B /* Frameworks */ = {
			isa = PBXGroup;
			children = (
				33F1112907B98A84856B39E7 /* Pods_Sample_Admob.framework */,
				5753A5D9488A3726B6F933F1 /* Pods_Sample_Admob_Sample_AdmobUITests.framework */,
				554BF2BFC38CB0DEEF6053B1 /* Pods_Sample_AdmobTests.framework */,
			);
			name = Frameworks;
			sourceTree = "<group>";
		};
		EE9C21B22C3F98A0002CBE14 = {
			isa = PBXGroup;
			children = (
				EE9C21BD2C3F98A0002CBE14 /* Sample Admob */,
				EE9C21CE2C3F98A1002CBE14 /* Sample AdmobTests */,
				EE9C21D82C3F98A1002CBE14 /* Sample AdmobUITests */,
				EE9C21BC2C3F98A0002CBE14 /* Products */,
				6E56C48627061D93B3D64916 /* Pods */,
				C9211701E34278A25CABAD0B /* Frameworks */,
			);
			sourceTree = "<group>";
		};
		EE9C21BC2C3F98A0002CBE14 /* Products */ = {
			isa = PBXGroup;
			children = (
				EE9C21BB2C3F98A0002CBE14 /* Sample Admob.app */,
				EE9C21CB2C3F98A1002CBE14 /* Sample AdmobTests.xctest */,
				EE9C21D52C3F98A1002CBE14 /* Sample AdmobUITests.xctest */,
			);
			name = Products;
			sourceTree = "<group>";
		};
		EE9C21BD2C3F98A0002CBE14 /* Sample Admob */ = {
			isa = PBXGroup;
			children = (
				EE9C21E82C3FA0A3002CBE14 /* Sample-Admob-Info.plist */,
				EE9C21BE2C3F98A0002CBE14 /* Sample_AdmobApp.swift */,
				EE9C21C02C3F98A0002CBE14 /* ContentView.swift */,
				EE9C21C22C3F98A1002CBE14 /* Assets.xcassets */,
				EE9C21C42C3F98A1002CBE14 /* Preview Content */,
			);
			path = "Sample Admob";
			sourceTree = "<group>";
		};
		EE9C21C42C3F98A1002CBE14 /* Preview Content */ = {
			isa = PBXGroup;
			children = (
				EE9C21C52C3F98A1002CBE14 /* Preview Assets.xcassets */,
			);
			path = "Preview Content";
			sourceTree = "<group>";
		};
		EE9C21CE2C3F98A1002CBE14 /* Sample AdmobTests */ = {
			isa = PBXGroup;
			children = (
				EE9C21CF2C3F98A1002CBE14 /* Sample_AdmobTests.swift */,
			);
			path = "Sample AdmobTests";
			sourceTree = "<group>";
		};
		EE9C21D82C3F98A1002CBE14 /* Sample AdmobUITests */ = {
			isa = PBXGroup;
			children = (
				EE9C21D92C3F98A1002CBE14 /* Sample_AdmobUITests.swift */,
				EE9C21DB2C3F98A1002CBE14 /* Sample_AdmobUITestsLaunchTests.swift */,
			);
			path = "Sample AdmobUITests";
			sourceTree = "<group>";
		};
/* End PBXGroup section */

/* Begin PBXNativeTarget section */
		EE9C21BA2C3F98A0002CBE14 /* Sample Admob */ = {
			isa = PBXNativeTarget;
			buildConfigurationList = EE9C21DF2C3F98A1002CBE14 /* Build configuration list for PBXNativeTarget "Sample Admob" */;
			buildPhases = (
				58252CEC9708A7CBBF3B2C2D /* [CP] Check Pods Manifest.lock */,
				EE9C21B72C3F98A0002CBE14 /* Sources */,
				EE9C21B82C3F98A0002CBE14 /* Frameworks */,
				EE9C21B92C3F98A0002CBE14 /* Resources */,
				A83B003B381A285E2561347F /* [CP] Copy Pods Resources */,
			);
			buildRules = (
			);
			dependencies = (
			);
			name = "Sample Admob";
			productName = "Sample Admob";
			productReference = EE9C21BB2C3F98A0002CBE14 /* Sample Admob.app */;
			productType = "com.apple.product-type.application";
		};
		EE9C21CA2C3F98A1002CBE14 /* Sample AdmobTests */ = {
			isa = PBXNativeTarget;
			buildConfigurationList = EE9C21E22C3F98A1002CBE14 /* Build configuration list for PBXNativeTarget "Sample AdmobTests" */;
			buildPhases = (
				500B79F503BAC7E8D260ADC0 /* [CP] Check Pods Manifest.lock */,
				EE9C21C72C3F98A1002CBE14 /* Sources */,
				EE9C21C82C3F98A1002CBE14 /* Frameworks */,
				EE9C21C92C3F98A1002CBE14 /* Resources */,
			);
			buildRules = (
			);
			dependencies = (
				EE9C21CD2C3F98A1002CBE14 /* PBXTargetDependency */,
			);
			name = "Sample AdmobTests";
			productName = "Sample AdmobTests";
			productReference = EE9C21CB2C3F98A1002CBE14 /* Sample AdmobTests.xctest */;
			productType = "com.apple.product-type.bundle.unit-test";
		};
		EE9C21D42C3F98A1002CBE14 /* Sample AdmobUITests */ = {
			isa = PBXNativeTarget;
			buildConfigurationList = EE9C21E52C3F98A1002CBE14 /* Build configuration list for PBXNativeTarget "Sample AdmobUITests" */;
			buildPhases = (
				FE71AD34A0B1DFAD580B2EC3 /* [CP] Check Pods Manifest.lock */,
				EE9C21D12C3F98A1002CBE14 /* Sources */,
				EE9C21D22C3F98A1002CBE14 /* Frameworks */,
				EE9C21D32C3F98A1002CBE14 /* Resources */,
				E428EF7CD83871C5532A29B3 /* [CP] Copy Pods Resources */,
			);
			buildRules = (
			);
			dependencies = (
				EE9C21D72C3F98A1002CBE14 /* PBXTargetDependency */,
			);
			name = "Sample AdmobUITests";
			productName = "Sample AdmobUITests";
			productReference = EE9C21D52C3F98A1002CBE14 /* Sample AdmobUITests.xctest */;
			productType = "com.apple.product-type.bundle.ui-testing";
		};
/* End PBXNativeTarget section */

/* Begin PBXProject section */
		EE9C21B32C3F98A0002CBE14 /* Project object */ = {
			isa = PBXProject;
			attributes = {
				BuildIndependentTargetsInParallel = 1;
				LastSwiftUpdateCheck = 1540;
				LastUpgradeCheck = 1540;
				TargetAttributes = {
					EE9C21BA2C3F98A0002CBE14 = {
						CreatedOnToolsVersion = 15.4;
					};
					EE9C21CA2C3F98A1002CBE14 = {
						CreatedOnToolsVersion = 15.4;
						TestTargetID = EE9C21BA2C3F98A0002CBE14;
					};
					EE9C21D42C3F98A1002CBE14 = {
						CreatedOnToolsVersion = 15.4;
						TestTargetID = EE9C21BA2C3F98A0002CBE14;
					};
				};
			};
			buildConfigurationList = EE9C21B62C3F98A0002CBE14 /* Build configuration list for PBXProject "Sample Admob" */;
			compatibilityVersion = "Xcode 14.0";
			developmentRegion = en;
			hasScannedForEncodings = 0;
			knownRegions = (
				en,
				Base,
			);
			mainGroup = EE9C21B22C3F98A0002CBE14;
			productRefGroup = EE9C21BC2C3F98A0002CBE14 /* Products */;
			projectDirPath = "";
			projectRoot = "";
			targets = (
				EE9C21BA2C3F98A0002CBE14 /* Sample Admob */,
				EE9C21CA2C3F98A1002CBE14 /* Sample AdmobTests */,
				EE9C21D42C3F98A1002CBE14 /* Sample AdmobUITests */,
			);
		};
/* End PBXProject section */

/* Begin PBXResourcesBuildPhase section */
		EE9C21B92C3F98A0002CBE14 /* Resources */ = {
			isa = PBXResourcesBuildPhase;
			buildActionMask = 2147483647;
			files = (
				EE9C21C62C3F98A1002CBE14 /* Preview Assets.xcassets in Resources */,
				EE9C21C32C3F98A1002CBE14 /* Assets.xcassets in Resources */,
			);
			runOnlyForDeploymentPostprocessing = 0;
		};
		EE9C21C92C3F98A1002CBE14 /* Resources */ = {
			isa = PBXResourcesBuildPhase;
			buildActionMask = 2147483647;
			files = (
			);
			runOnlyForDeploymentPostprocessing = 0;
		};
		EE9C21D32C3F98A1002CBE14 /* Resources */ = {
			isa = PBXResourcesBuildPhase;
			buildActionMask = 2147483647;
			files = (
			);
			runOnlyForDeploymentPostprocessing = 0;
		};
/* End PBXResourcesBuildPhase section */

/* Begin PBXShellScriptBuildPhase section */
		500B79F503BAC7E8D260ADC0 /* [CP] Check Pods Manifest.lock */ = {
			isa = PBXShellScriptBuildPhase;
			buildActionMask = 2147483647;
			files = (
			);
			inputFileListPaths = (
			);
			inputPaths = (
				"${PODS_PODFILE_DIR_PATH}/Podfile.lock",
				"${PODS_ROOT}/Manifest.lock",
			);
			name = "[CP] Check Pods Manifest.lock";
			outputFileListPaths = (
			);
			outputPaths = (
				"$(DERIVED_FILE_DIR)/Pods-Sample AdmobTests-checkManifestLockResult.txt",
			);
			runOnlyForDeploymentPostprocessing = 0;
			shellPath = /bin/sh;
			shellScript = "diff \"${PODS_PODFILE_DIR_PATH}/Podfile.lock\" \"${PODS_ROOT}/Manifest.lock\" > /dev/null\nif [ $? != 0 ] ; then\n    # print error to STDERR\n    echo \"error: The sandbox is not in sync with the Podfile.lock. Run 'pod install' or update your CocoaPods installation.\" >&2\n    exit 1\nfi\n# This output is used by Xcode 'outputs' to avoid re-running this script phase.\necho \"SUCCESS\" > \"${SCRIPT_OUTPUT_FILE_0}\"\n";
			showEnvVarsInLog = 0;
		};
		58252CEC9708A7CBBF3B2C2D /* [CP] Check Pods Manifest.lock */ = {
			isa = PBXShellScriptBuildPhase;
			buildActionMask = 2147483647;
			files = (
			);
			inputFileListPaths = (
			);
			inputPaths = (
				"${PODS_PODFILE_DIR_PATH}/Podfile.lock",
				"${PODS_ROOT}/Manifest.lock",
			);
			name = "[CP] Check Pods Manifest.lock";
			outputFileListPaths = (
			);
			outputPaths = (
				"$(DERIVED_FILE_DIR)/Pods-Sample Admob-checkManifestLockResult.txt",
			);
			runOnlyForDeploymentPostprocessing = 0;
			shellPath = /bin/sh;
			shellScript = "diff \"${PODS_PODFILE_DIR_PATH}/Podfile.lock\" \"${PODS_ROOT}/Manifest.lock\" > /dev/null\nif [ $? != 0 ] ; then\n    # print error to STDERR\n    echo \"error: The sandbox is not in sync with the Podfile.lock. Run 'pod install' or update your CocoaPods installation.\" >&2\n    exit 1\nfi\n# This output is used by Xcode 'outputs' to avoid re-running this script phase.\necho \"SUCCESS\" > \"${SCRIPT_OUTPUT_FILE_0}\"\n";
			showEnvVarsInLog = 0;
		};
		A83B003B381A285E2561347F /* [CP] Copy Pods Resources */ = {
			isa = PBXShellScriptBuildPhase;
			buildActionMask = 2147483647;
			files = (
			);
			inputFileListPaths = (
				"${PODS_ROOT}/Target Support Files/Pods-Sample Admob/Pods-Sample Admob-resources-${CONFIGURATION}-input-files.xcfilelist",
			);
			name = "[CP] Copy Pods Resources";
			outputFileListPaths = (
				"${PODS_ROOT}/Target Support Files/Pods-Sample Admob/Pods-Sample Admob-resources-${CONFIGURATION}-output-files.xcfilelist",
			);
			runOnlyForDeploymentPostprocessing = 0;
			shellPath = /bin/sh;
			shellScript = "\"${PODS_ROOT}/Target Support Files/Pods-Sample Admob/Pods-Sample Admob-resources.sh\"\n";
			showEnvVarsInLog = 0;
		};
		E428EF7CD83871C5532A29B3 /* [CP] Copy Pods Resources */ = {
			isa = PBXShellScriptBuildPhase;
			buildActionMask = 2147483647;
			files = (
			);
			inputFileListPaths = (
				"${PODS_ROOT}/Target Support Files/Pods-Sample Admob-Sample AdmobUITests/Pods-Sample Admob-Sample AdmobUITests-resources-${CONFIGURATION}-input-files.xcfilelist",
			);
			name = "[CP] Copy Pods Resources";
			outputFileListPaths = (
				"${PODS_ROOT}/Target Support Files/Pods-Sample Admob-Sample AdmobUITests/Pods-Sample Admob-Sample AdmobUITests-resources-${CONFIGURATION}-output-files.xcfilelist",
			);
			runOnlyForDeploymentPostprocessing = 0;
			shellPath = /bin/sh;
			shellScript = "\"${PODS_ROOT}/Target Support Files/Pods-Sample Admob-Sample AdmobUITests/Pods-Sample Admob-Sample AdmobUITests-resources.sh\"\n";
			showEnvVarsInLog = 0;
		};
		FE71AD34A0B1DFAD580B2EC3 /* [CP] Check Pods Manifest.lock */ = {
			isa = PBXShellScriptBuildPhase;
			buildActionMask = 2147483647;
			files = (
			);
			inputFileListPaths = (
			);
			inputPaths = (
				"${PODS_PODFILE_DIR_PATH}/Podfile.lock",
				"${PODS_ROOT}/Manifest.lock",
			);
			name = "[CP] Check Pods Manifest.lock";
			outputFileListPaths = (
			);
			outputPaths = (
				"$(DERIVED_FILE_DIR)/Pods-Sample Admob-Sample AdmobUITests-checkManifestLockResult.txt",
			);
			runOnlyForDeploymentPostprocessing = 0;
			shellPath = /bin/sh;
			shellScript = "diff \"${PODS_PODFILE_DIR_PATH}/Podfile.lock\" \"${PODS_ROOT}/Manifest.lock\" > /dev/null\nif [ $? != 0 ] ; then\n    # print error to STDERR\n    echo \"error: The sandbox is not in sync with the Podfile.lock. Run 'pod install' or update your CocoaPods installation.\" >&2\n    exit 1\nfi\n# This output is used by Xcode 'outputs' to avoid re-running this script phase.\necho \"SUCCESS\" > \"${SCRIPT_OUTPUT_FILE_0}\"\n";
			showEnvVarsInLog = 0;
		};
/* End PBXShellScriptBuildPhase section */

/* Begin PBXSourcesBuildPhase section */
		EE9C21B72C3F98A0002CBE14 /* Sources */ = {
			isa = PBXSourcesBuildPhase;
			buildActionMask = 2147483647;
			files = (
				EE9C21C12C3F98A0002CBE14 /* ContentView.swift in Sources */,
				EE9C21BF2C3F98A0002CBE14 /* Sample_AdmobApp.swift in Sources */,
			);
			runOnlyForDeploymentPostprocessing = 0;
		};
		EE9C21C72C3F98A1002CBE14 /* Sources */ = {
			isa = PBXSourcesBuildPhase;
			buildActionMask = 2147483647;
			files = (
				EE9C21D02C3F98A1002CBE14 /* Sample_AdmobTests.swift in Sources */,
			);
			runOnlyForDeploymentPostprocessing = 0;
		};
		EE9C21D12C3F98A1002CBE14 /* Sources */ = {
			isa = PBXSourcesBuildPhase;
			buildActionMask = 2147483647;
			files = (
				EE9C21DC2C3F98A1002CBE14 /* Sample_AdmobUITestsLaunchTests.swift in Sources */,
				EE9C21DA2C3F98A1002CBE14 /* Sample_AdmobUITests.swift in Sources */,
			);
			runOnlyForDeploymentPostprocessing = 0;
		};
/* End PBXSourcesBuildPhase section */

/* Begin PBXTargetDependency section */
		EE9C21CD2C3F98A1002CBE14 /* PBXTargetDependency */ = {
			isa = PBXTargetDependency;
			target = EE9C21BA2C3F98A0002CBE14 /* Sample Admob */;
			targetProxy = EE9C21CC2C3F98A1002CBE14 /* PBXContainerItemProxy */;
		};
		EE9C21D72C3F98A1002CBE14 /* PBXTargetDependency */ = {
			isa = PBXTargetDependency;
			target = EE9C21BA2C3F98A0002CBE14 /* Sample Admob */;
			targetProxy = EE9C21D62C3F98A1002CBE14 /* PBXContainerItemProxy */;
		};
/* End PBXTargetDependency section */

/* Begin XCBuildConfiguration section */
		EE9C21DD2C3F98A1002CBE14 /* Debug */ = {
			isa = XCBuildConfiguration;
			buildSettings = {
				ALWAYS_SEARCH_USER_PATHS = NO;
				ASSETCATALOG_COMPILER_GENERATE_SWIFT_ASSET_SYMBOL_EXTENSIONS = YES;
				CLANG_ANALYZER_NONNULL = YES;
				CLANG_ANALYZER_NUMBER_OBJECT_CONVERSION = YES_AGGRESSIVE;
				CLANG_CXX_LANGUAGE_STANDARD = "gnu++20";
				CLANG_ENABLE_MODULES = YES;
				CLANG_ENABLE_OBJC_ARC = YES;
				CLANG_ENABLE_OBJC_WEAK = YES;
				CLANG_WARN_BLOCK_CAPTURE_AUTORELEASING = YES;
				CLANG_WARN_BOOL_CONVERSION = YES;
				CLANG_WARN_COMMA = YES;
				CLANG_WARN_CONSTANT_CONVERSION = YES;
				CLANG_WARN_DEPRECATED_OBJC_IMPLEMENTATIONS = YES;
				CLANG_WARN_DIRECT_OBJC_ISA_USAGE = YES_ERROR;
				CLANG_WARN_DOCUMENTATION_COMMENTS = YES;
				CLANG_WARN_EMPTY_BODY = YES;
				CLANG_WARN_ENUM_CONVERSION = YES;
				CLANG_WARN_INFINITE_RECURSION = YES;
				CLANG_WARN_INT_CONVERSION = YES;
				CLANG_WARN_NON_LITERAL_NULL_CONVERSION = YES;
				CLANG_WARN_OBJC_IMPLICIT_RETAIN_SELF = YES;
				CLANG_WARN_OBJC_LITERAL_CONVERSION = YES;
				CLANG_WARN_OBJC_ROOT_CLASS = YES_ERROR;
				CLANG_WARN_QUOTED_INCLUDE_IN_FRAMEWORK_HEADER = YES;
				CLANG_WARN_RANGE_LOOP_ANALYSIS = YES;
				CLANG_WARN_STRICT_PROTOTYPES = YES;
				CLANG_WARN_SUSPICIOUS_MOVE = YES;
				CLANG_WARN_UNGUARDED_AVAILABILITY = YES_AGGRESSIVE;
				CLANG_WARN_UNREACHABLE_CODE = YES;
				CLANG_WARN__DUPLICATE_METHOD_MATCH = YES;
				COPY_PHASE_STRIP = NO;
				DEBUG_INFORMATION_FORMAT = dwarf;
				ENABLE_STRICT_OBJC_MSGSEND = YES;
				ENABLE_TESTABILITY = YES;
				ENABLE_USER_SCRIPT_SANDBOXING = YES;
				GCC_C_LANGUAGE_STANDARD = gnu17;
				GCC_DYNAMIC_NO_PIC = NO;
				GCC_NO_COMMON_BLOCKS = YES;
				GCC_OPTIMIZATION_LEVEL = 0;
				GCC_PREPROCESSOR_DEFINITIONS = (
					"DEBUG=1",
					"$(inherited)",
				);
				GCC_WARN_64_TO_32_BIT_CONVERSION = YES;
				GCC_WARN_ABOUT_RETURN_TYPE = YES_ERROR;
				GCC_WARN_UNDECLARED_SELECTOR = YES;
				GCC_WARN_UNINITIALIZED_AUTOS = YES_AGGRESSIVE;
				GCC_WARN_UNUSED_FUNCTION = YES;
				GCC_WARN_UNUSED_VARIABLE = YES;
				IPHONEOS_DEPLOYMENT_TARGET = 17.5;
				LOCALIZATION_PREFERS_STRING_CATALOGS = YES;
				MTL_ENABLE_DEBUG_INFO = INCLUDE_SOURCE;
				MTL_FAST_MATH = YES;
				ONLY_ACTIVE_ARCH = YES;
				SDKROOT = iphoneos;
				SWIFT_ACTIVE_COMPILATION_CONDITIONS = "DEBUG $(inherited)";
				SWIFT_OPTIMIZATION_LEVEL = "-Onone";
			};
			name = Debug;
		};
		EE9C21DE2C3F98A1002CBE14 /* Release */ = {
			isa = XCBuildConfiguration;
			buildSettings = {
				ALWAYS_SEARCH_USER_PATHS = NO;
				ASSETCATALOG_COMPILER_GENERATE_SWIFT_ASSET_SYMBOL_EXTENSIONS = YES;
				CLANG_ANALYZER_NONNULL = YES;
				CLANG_ANALYZER_NUMBER_OBJECT_CONVERSION = YES_AGGRESSIVE;
				CLANG_CXX_LANGUAGE_STANDARD = "gnu++20";
				CLANG_ENABLE_MODULES = YES;
				CLANG_ENABLE_OBJC_ARC = YES;
				CLANG_ENABLE_OBJC_WEAK = YES;
				CLANG_WARN_BLOCK_CAPTURE_AUTORELEASING = YES;
				CLANG_WARN_BOOL_CONVERSION = YES;
				CLANG_WARN_COMMA = YES;
				CLANG_WARN_CONSTANT_CONVERSION = YES;
				CLANG_WARN_DEPRECATED_OBJC_IMPLEMENTATIONS = YES;
				CLANG_WARN_DIRECT_OBJC_ISA_USAGE = YES_ERROR;
				CLANG_WARN_DOCUMENTATION_COMMENTS = YES;
				CLANG_WARN_EMPTY_BODY = YES;
				CLANG_WARN_ENUM_CONVERSION = YES;
				CLANG_WARN_INFINITE_RECURSION = YES;
				CLANG_WARN_INT_CONVERSION = YES;
				CLANG_WARN_NON_LITERAL_NULL_CONVERSION = YES;
				CLANG_WARN_OBJC_IMPLICIT_RETAIN_SELF = YES;
				CLANG_WARN_OBJC_LITERAL_CONVERSION = YES;
				CLANG_WARN_OBJC_ROOT_CLASS = YES_ERROR;
				CLANG_WARN_QUOTED_INCLUDE_IN_FRAMEWORK_HEADER = YES;
				CLANG_WARN_RANGE_LOOP_ANALYSIS = YES;
				CLANG_WARN_STRICT_PROTOTYPES = YES;
				CLANG_WARN_SUSPICIOUS_MOVE = YES;
				CLANG_WARN_UNGUARDED_AVAILABILITY = YES_AGGRESSIVE;
				CLANG_WARN_UNREACHABLE_CODE = YES;
				CLANG_WARN__DUPLICATE_METHOD_MATCH = YES;
				COPY_PHASE_STRIP = NO;
				DEBUG_INFORMATION_FORMAT = "dwarf-with-dsym";
				ENABLE_NS_ASSERTIONS = NO;
				ENABLE_STRICT_OBJC_MSGSEND = YES;
				ENABLE_USER_SCRIPT_SANDBOXING = YES;
				GCC_C_LANGUAGE_STANDARD = gnu17;
				GCC_NO_COMMON_BLOCKS = YES;
				GCC_WARN_64_TO_32_BIT_CONVERSION = YES;
				GCC_WARN_ABOUT_RETURN_TYPE = YES_ERROR;
				GCC_WARN_UNDECLARED_SELECTOR = YES;
				GCC_WARN_UNINITIALIZED_AUTOS = YES_AGGRESSIVE;
				GCC_WARN_UNUSED_FUNCTION = YES;
				GCC_WARN_UNUSED_VARIABLE = YES;
				IPHONEOS_DEPLOYMENT_TARGET = 17.5;
				LOCALIZATION_PREFERS_STRING_CATALOGS = YES;
				MTL_ENABLE_DEBUG_INFO = NO;
				MTL_FAST_MATH = YES;
				SDKROOT = iphoneos;
				SWIFT_COMPILATION_MODE = wholemodule;
				VALIDATE_PRODUCT = YES;
			};
			name = Release;
		};
		EE9C21E02C3F98A1002CBE14 /* Debug */ = {
			isa = XCBuildConfiguration;
			baseConfigurationReference = ECF72D69F79DFB9F7A886F35 /* Pods-Sample Admob.debug.xcconfig */;
			buildSettings = {
				ASSETCATALOG_COMPILER_APPICON_NAME = AppIcon;
				ASSETCATALOG_COMPILER_GLOBAL_ACCENT_COLOR_NAME = AccentColor;
				CODE_SIGN_STYLE = Automatic;
				CURRENT_PROJECT_VERSION = 1;
				DEVELOPMENT_ASSET_PATHS = "\"Sample Admob/Preview Content\"";
				DEVELOPMENT_TEAM = 53JP7T2TYF;
				ENABLE_PREVIEWS = YES;
				ENABLE_USER_SCRIPT_SANDBOXING = NO;
				GENERATE_INFOPLIST_FILE = YES;
				INFOPLIST_FILE = "Sample-Admob-Info.plist";
				INFOPLIST_KEY_UIApplicationSceneManifest_Generation = YES;
				INFOPLIST_KEY_UIApplicationSupportsIndirectInputEvents = YES;
				INFOPLIST_KEY_UILaunchScreen_Generation = YES;
				INFOPLIST_KEY_UISupportedInterfaceOrientations_iPad = "UIInterfaceOrientationPortrait UIInterfaceOrientationPortraitUpsideDown UIInterfaceOrientationLandscapeLeft UIInterfaceOrientationLandscapeRight";
				INFOPLIST_KEY_UISupportedInterfaceOrientations_iPhone = "UIInterfaceOrientationPortrait UIInterfaceOrientationLandscapeLeft UIInterfaceOrientationLandscapeRight";
				LD_RUNPATH_SEARCH_PATHS = (
					"$(inherited)",
					"@executable_path/Frameworks",
				);
				MARKETING_VERSION = 1.0;
				PRODUCT_BUNDLE_IDENTIFIER = "com.Jackie.Sample-Admob";
				PRODUCT_NAME = "$(TARGET_NAME)";
				SWIFT_EMIT_LOC_STRINGS = YES;
				SWIFT_VERSION = 5.0;
				TARGETED_DEVICE_FAMILY = "1,2";
			};
			name = Debug;
		};
		EE9C21E12C3F98A1002CBE14 /* Release */ = {
			isa = XCBuildConfiguration;
			baseConfigurationReference = 1C6F802DEB0E1A9CCB68E5DA /* Pods-Sample Admob.release.xcconfig */;
			buildSettings = {
				ASSETCATALOG_COMPILER_APPICON_NAME = AppIcon;
				ASSETCATALOG_COMPILER_GLOBAL_ACCENT_COLOR_NAME = AccentColor;
				CODE_SIGN_STYLE = Automatic;
				CURRENT_PROJECT_VERSION = 1;
				DEVELOPMENT_ASSET_PATHS = "\"Sample Admob/Preview Content\"";
				DEVELOPMENT_TEAM = 53JP7T2TYF;
				ENABLE_PREVIEWS = YES;
				ENABLE_USER_SCRIPT_SANDBOXING = NO;
				GENERATE_INFOPLIST_FILE = YES;
				INFOPLIST_FILE = "Sample-Admob-Info.plist";
				INFOPLIST_KEY_UIApplicationSceneManifest_Generation = YES;
				INFOPLIST_KEY_UIApplicationSupportsIndirectInputEvents = YES;
				INFOPLIST_KEY_UILaunchScreen_Generation = YES;
				INFOPLIST_KEY_UISupportedInterfaceOrientations_iPad = "UIInterfaceOrientationPortrait UIInterfaceOrientationPortraitUpsideDown UIInterfaceOrientationLandscapeLeft UIInterfaceOrientationLandscapeRight";
				INFOPLIST_KEY_UISupportedInterfaceOrientations_iPhone = "UIInterfaceOrientationPortrait UIInterfaceOrientationLandscapeLeft UIInterfaceOrientationLandscapeRight";
				LD_RUNPATH_SEARCH_PATHS = (
					"$(inherited)",
					"@executable_path/Frameworks",
				);
				MARKETING_VERSION = 1.0;
				PRODUCT_BUNDLE_IDENTIFIER = "com.Jackie.Sample-Admob";
				PRODUCT_NAME = "$(TARGET_NAME)";
				SWIFT_EMIT_LOC_STRINGS = YES;
				SWIFT_VERSION = 5.0;
				TARGETED_DEVICE_FAMILY = "1,2";
			};
			name = Release;
		};
		EE9C21E32C3F98A1002CBE14 /* Debug */ = {
			isa = XCBuildConfiguration;
			baseConfigurationReference = 404C519F83202FC5092307EC /* Pods-Sample AdmobTests.debug.xcconfig */;
			buildSettings = {
				ALWAYS_EMBED_SWIFT_STANDARD_LIBRARIES = YES;
				BUNDLE_LOADER = "$(TEST_HOST)";
				CODE_SIGN_STYLE = Automatic;
				CURRENT_PROJECT_VERSION = 1;
				DEVELOPMENT_TEAM = 53JP7T2TYF;
				GENERATE_INFOPLIST_FILE = YES;
				IPHONEOS_DEPLOYMENT_TARGET = 17.5;
				MARKETING_VERSION = 1.0;
				PRODUCT_BUNDLE_IDENTIFIER = "com.Jackie.Sample-AdmobTests";
				PRODUCT_NAME = "$(TARGET_NAME)";
				SWIFT_EMIT_LOC_STRINGS = NO;
				SWIFT_VERSION = 5.0;
				TARGETED_DEVICE_FAMILY = "1,2";
				TEST_HOST = "$(BUILT_PRODUCTS_DIR)/Sample Admob.app/$(BUNDLE_EXECUTABLE_FOLDER_PATH)/Sample Admob";
			};
			name = Debug;
		};
		EE9C21E42C3F98A1002CBE14 /* Release */ = {
			isa = XCBuildConfiguration;
			baseConfigurationReference = 333D389ED315301ABCE2F871 /* Pods-Sample AdmobTests.release.xcconfig */;
			buildSettings = {
				ALWAYS_EMBED_SWIFT_STANDARD_LIBRARIES = YES;
				BUNDLE_LOADER = "$(TEST_HOST)";
				CODE_SIGN_STYLE = Automatic;
				CURRENT_PROJECT_VERSION = 1;
				DEVELOPMENT_TEAM = 53JP7T2TYF;
				GENERATE_INFOPLIST_FILE = YES;
				IPHONEOS_DEPLOYMENT_TARGET = 17.5;
				MARKETING_VERSION = 1.0;
				PRODUCT_BUNDLE_IDENTIFIER = "com.Jackie.Sample-AdmobTests";
				PRODUCT_NAME = "$(TARGET_NAME)";
				SWIFT_EMIT_LOC_STRINGS = NO;
				SWIFT_VERSION = 5.0;
				TARGETED_DEVICE_FAMILY = "1,2";
				TEST_HOST = "$(BUILT_PRODUCTS_DIR)/Sample Admob.app/$(BUNDLE_EXECUTABLE_FOLDER_PATH)/Sample Admob";
			};
			name = Release;
		};
		EE9C21E62C3F98A1002CBE14 /* Debug */ = {
			isa = XCBuildConfiguration;
			baseConfigurationReference = 74EBB9D84BF0228FA5DC17C4 /* Pods-Sample Admob-Sample AdmobUITests.debug.xcconfig */;
			buildSettings = {
				ALWAYS_EMBED_SWIFT_STANDARD_LIBRARIES = YES;
				CODE_SIGN_STYLE = Automatic;
				CURRENT_PROJECT_VERSION = 1;
				DEVELOPMENT_TEAM = 53JP7T2TYF;
				GENERATE_INFOPLIST_FILE = YES;
				MARKETING_VERSION = 1.0;
				PRODUCT_BUNDLE_IDENTIFIER = "com.Jackie.Sample-AdmobUITests";
				PRODUCT_NAME = "$(TARGET_NAME)";
				SWIFT_EMIT_LOC_STRINGS = NO;
				SWIFT_VERSION = 5.0;
				TARGETED_DEVICE_FAMILY = "1,2";
				TEST_TARGET_NAME = "Sample Admob";
			};
			name = Debug;
		};
		EE9C21E72C3F98A1002CBE14 /* Release */ = {
			isa = XCBuildConfiguration;
			baseConfigurationReference = F09B34C4AAAC264B37664948 /* Pods-Sample Admob-Sample AdmobUITests.release.xcconfig */;
			buildSettings = {
				ALWAYS_EMBED_SWIFT_STANDARD_LIBRARIES = YES;
				CODE_SIGN_STYLE = Automatic;
				CURRENT_PROJECT_VERSION = 1;
				DEVELOPMENT_TEAM = 53JP7T2TYF;
				GENERATE_INFOPLIST_FILE = YES;
				MARKETING_VERSION = 1.0;
				PRODUCT_BUNDLE_IDENTIFIER = "com.Jackie.Sample-AdmobUITests";
				PRODUCT_NAME = "$(TARGET_NAME)";
				SWIFT_EMIT_LOC_STRINGS = NO;
				SWIFT_VERSION = 5.0;
				TARGETED_DEVICE_FAMILY = "1,2";
				TEST_TARGET_NAME = "Sample Admob";
			};
			name = Release;
		};
/* End XCBuildConfiguration section */

/* Begin XCConfigurationList section */
		EE9C21B62C3F98A0002CBE14 /* Build configuration list for PBXProject "Sample Admob" */ = {
			isa = XCConfigurationList;
			buildConfigurations = (
				EE9C21DD2C3F98A1002CBE14 /* Debug */,
				EE9C21DE2C3F98A1002CBE14 /* Release */,
			);
			defaultConfigurationIsVisible = 0;
			defaultConfigurationName = Release;
		};
		EE9C21DF2C3F98A1002CBE14 /* Build configuration list for PBXNativeTarget "Sample Admob" */ = {
			isa = XCConfigurationList;
			buildConfigurations = (
				EE9C21E02C3F98A1002CBE14 /* Debug */,
				EE9C21E12C3F98A1002CBE14 /* Release */,
			);
			defaultConfigurationIsVisible = 0;
			defaultConfigurationName = Release;
		};
		EE9C21E22C3F98A1002CBE14 /* Build configuration list for PBXNativeTarget "Sample AdmobTests" */ = {
			isa = XCConfigurationList;
			buildConfigurations = (
				EE9C21E32C3F98A1002CBE14 /* Debug */,
				EE9C21E42C3F98A1002CBE14 /* Release */,
			);
			defaultConfigurationIsVisible = 0;
			defaultConfigurationName = Release;
		};
		EE9C21E52C3F98A1002CBE14 /* Build configuration list for PBXNativeTarget "Sample AdmobUITests" */ = {
			isa = XCConfigurationList;
			buildConfigurations = (
				EE9C21E62C3F98A1002CBE14 /* Debug */,
				EE9C21E72C3F98A1002CBE14 /* Release */,
			);
			defaultConfigurationIsVisible = 0;
			defaultConfigurationName = Release;
		};
/* End XCConfigurationList section */
	};
	rootObject = EE9C21B32C3F98A0002CBE14 /* Project object */;
}
